// !$*UTF8*$!
{
	archiveVersion = 1;
	classes = {
	};
	objectVersion = 50;
	objects = {

/* Begin PBXBuildFile section */
		0B2D9BDF235A3BB00093C8B1 /* AppDelegate.swift in Sources */ = {isa = PBXBuildFile; fileRef = 0B2D9BDE235A3BB00093C8B1 /* AppDelegate.swift */; };
		0B2D9BE1235A3BB00093C8B1 /* SceneDelegate.swift in Sources */ = {isa = PBXBuildFile; fileRef = 0B2D9BE0235A3BB00093C8B1 /* SceneDelegate.swift */; };
		0B2D9BE3235A3BB00093C8B1 /* BestSellerViewController.swift in Sources */ = {isa = PBXBuildFile; fileRef = 0B2D9BE2235A3BB00093C8B1 /* BestSellerViewController.swift */; };
		0B2D9BE8235A3BB20093C8B1 /* Assets.xcassets in Resources */ = {isa = PBXBuildFile; fileRef = 0B2D9BE7235A3BB20093C8B1 /* Assets.xcassets */; };
		0B2D9BEB235A3BB20093C8B1 /* LaunchScreen.storyboard in Resources */ = {isa = PBXBuildFile; fileRef = 0B2D9BE9235A3BB20093C8B1 /* LaunchScreen.storyboard */; };
		0B2D9BF6235A3BB20093C8B1 /* NewYorkTimesTests.swift in Sources */ = {isa = PBXBuildFile; fileRef = 0B2D9BF5235A3BB20093C8B1 /* NewYorkTimesTests.swift */; };
		28348972235A422A00839519 /* FavoritesViewController.swift in Sources */ = {isa = PBXBuildFile; fileRef = 28348971235A422A00839519 /* FavoritesViewController.swift */; };
		28348974235A423A00839519 /* SettingsViewController.swift in Sources */ = {isa = PBXBuildFile; fileRef = 28348973235A423A00839519 /* SettingsViewController.swift */; };
		28348980235A448E00839519 /* NYTAPIClient.swift in Sources */ = {isa = PBXBuildFile; fileRef = 2834897B235A448E00839519 /* NYTAPIClient.swift */; };
		28348981235A448E00839519 /* GoogleBooksAPI.swift in Sources */ = {isa = PBXBuildFile; fileRef = 2834897C235A448E00839519 /* GoogleBooksAPI.swift */; };
		28348982235A448E00839519 /* NetworkHelper.swift in Sources */ = {isa = PBXBuildFile; fileRef = 2834897D235A448E00839519 /* NetworkHelper.swift */; };
		28348983235A448E00839519 /* AppError.swift in Sources */ = {isa = PBXBuildFile; fileRef = 2834897E235A448E00839519 /* AppError.swift */; };
		28348984235A448E00839519 /* ImageHelper.swift in Sources */ = {isa = PBXBuildFile; fileRef = 2834897F235A448E00839519 /* ImageHelper.swift */; };
		28348988235A455700839519 /* BookPersistenceManager.swift in Sources */ = {isa = PBXBuildFile; fileRef = 28348986235A455700839519 /* BookPersistenceManager.swift */; };
		28348989235A455700839519 /* PersistenceHelper.swift in Sources */ = {isa = PBXBuildFile; fileRef = 28348987235A455700839519 /* PersistenceHelper.swift */; };
		2834898E235A45C400839519 /* UserDefaults.swift in Sources */ = {isa = PBXBuildFile; fileRef = 2834898D235A45C400839519 /* UserDefaults.swift */; };
		28348991235A45EB00839519 /* NYTimes.swift in Sources */ = {isa = PBXBuildFile; fileRef = 28348990235A45EB00839519 /* NYTimes.swift */; };
		28348993235A45FE00839519 /* GoogleBooks.swift in Sources */ = {isa = PBXBuildFile; fileRef = 28348992235A45FE00839519 /* GoogleBooks.swift */; };
		28348995235A460E00839519 /* Favorites.swift in Sources */ = {isa = PBXBuildFile; fileRef = 28348994235A460E00839519 /* Favorites.swift */; };
		28348998235A464600839519 /* DetailViewController.swift in Sources */ = {isa = PBXBuildFile; fileRef = 28348997235A464600839519 /* DetailViewController.swift */; };
		2834899A235A46C200839519 /* BestSellerCollectionViewCell.swift in Sources */ = {isa = PBXBuildFile; fileRef = 28348999235A46C200839519 /* BestSellerCollectionViewCell.swift */; };
		2834AD70235E35FF00CE9F00 /* Secrets.swift in Sources */ = {isa = PBXBuildFile; fileRef = 2834AD6F235E35FF00CE9F00 /* Secrets.swift */; };
		691FE748235AB51B0096DA7A /* GenreListAPI.swift in Sources */ = {isa = PBXBuildFile; fileRef = 691FE747235AB51B0096DA7A /* GenreListAPI.swift */; };
		691FE74C235AB7ED0096DA7A /* genreList.json in Resources */ = {isa = PBXBuildFile; fileRef = 691FE74B235AB7ED0096DA7A /* genreList.json */; };
		691FE74E235B5A480096DA7A /* cellFormating.swift in Sources */ = {isa = PBXBuildFile; fileRef = 691FE74D235B5A480096DA7A /* cellFormating.swift */; };
		69374724235B7C54001CBC3D /* FavoritesCollectionViewCell.swift in Sources */ = {isa = PBXBuildFile; fileRef = 69374723235B7C54001CBC3D /* FavoritesCollectionViewCell.swift */; };
		69374726235BB725001CBC3D /* RegisterCollectionViewCells.swift in Sources */ = {isa = PBXBuildFile; fileRef = 69374725235BB725001CBC3D /* RegisterCollectionViewCells.swift */; };
		6937472A235BD056001CBC3D /* CategoryPersistenceHelper.swift in Sources */ = {isa = PBXBuildFile; fileRef = 69374729235BD056001CBC3D /* CategoryPersistenceHelper.swift */; };
		69FB93D9235A6474000B7786 /* NYTtest.json in Resources */ = {isa = PBXBuildFile; fileRef = 69FB93D8235A6474000B7786 /* NYTtest.json */; };
		69FB93DB235A6695000B7786 /* googleBooks.json in Resources */ = {isa = PBXBuildFile; fileRef = 69FB93DA235A6695000B7786 /* googleBooks.json */; };
		DF7B2F55235A4EAC0092B3DE /* NYTCategories.swift in Sources */ = {isa = PBXBuildFile; fileRef = DF7B2F54235A4EAC0092B3DE /* NYTCategories.swift */; };
/* End PBXBuildFile section */

/* Begin PBXContainerItemProxy section */
		0B2D9BF2235A3BB20093C8B1 /* PBXContainerItemProxy */ = {
			isa = PBXContainerItemProxy;
			containerPortal = 0B2D9BD3235A3BB00093C8B1 /* Project object */;
			proxyType = 1;
			remoteGlobalIDString = 0B2D9BDA235A3BB00093C8B1;
			remoteInfo = NewYorkTimes;
		};
/* End PBXContainerItemProxy section */

/* Begin PBXFileReference section */
		0B2D9BDB235A3BB00093C8B1 /* NewYorkTimes.app */ = {isa = PBXFileReference; explicitFileType = wrapper.application; includeInIndex = 0; path = NewYorkTimes.app; sourceTree = BUILT_PRODUCTS_DIR; };
		0B2D9BDE235A3BB00093C8B1 /* AppDelegate.swift */ = {isa = PBXFileReference; lastKnownFileType = sourcecode.swift; path = AppDelegate.swift; sourceTree = "<group>"; };
		0B2D9BE0235A3BB00093C8B1 /* SceneDelegate.swift */ = {isa = PBXFileReference; lastKnownFileType = sourcecode.swift; path = SceneDelegate.swift; sourceTree = "<group>"; };
		0B2D9BE2235A3BB00093C8B1 /* BestSellerViewController.swift */ = {isa = PBXFileReference; lastKnownFileType = sourcecode.swift; path = BestSellerViewController.swift; sourceTree = "<group>"; };
		0B2D9BE7235A3BB20093C8B1 /* Assets.xcassets */ = {isa = PBXFileReference; lastKnownFileType = folder.assetcatalog; path = Assets.xcassets; sourceTree = "<group>"; };
		0B2D9BEA235A3BB20093C8B1 /* Base */ = {isa = PBXFileReference; lastKnownFileType = file.storyboard; name = Base; path = Base.lproj/LaunchScreen.storyboard; sourceTree = "<group>"; };
		0B2D9BEC235A3BB20093C8B1 /* Info.plist */ = {isa = PBXFileReference; lastKnownFileType = text.plist.xml; path = Info.plist; sourceTree = "<group>"; };
		0B2D9BF1235A3BB20093C8B1 /* NewYorkTimesTests.xctest */ = {isa = PBXFileReference; explicitFileType = wrapper.cfbundle; includeInIndex = 0; path = NewYorkTimesTests.xctest; sourceTree = BUILT_PRODUCTS_DIR; };
		0B2D9BF5235A3BB20093C8B1 /* NewYorkTimesTests.swift */ = {isa = PBXFileReference; lastKnownFileType = sourcecode.swift; path = NewYorkTimesTests.swift; sourceTree = "<group>"; };
		0B2D9BF7235A3BB20093C8B1 /* Info.plist */ = {isa = PBXFileReference; lastKnownFileType = text.plist.xml; path = Info.plist; sourceTree = "<group>"; };
		28348971235A422A00839519 /* FavoritesViewController.swift */ = {isa = PBXFileReference; lastKnownFileType = sourcecode.swift; path = FavoritesViewController.swift; sourceTree = "<group>"; };
		28348973235A423A00839519 /* SettingsViewController.swift */ = {isa = PBXFileReference; lastKnownFileType = sourcecode.swift; path = SettingsViewController.swift; sourceTree = "<group>"; };
		2834897B235A448E00839519 /* NYTAPIClient.swift */ = {isa = PBXFileReference; fileEncoding = 4; lastKnownFileType = sourcecode.swift; path = NYTAPIClient.swift; sourceTree = "<group>"; };
		2834897C235A448E00839519 /* GoogleBooksAPI.swift */ = {isa = PBXFileReference; fileEncoding = 4; lastKnownFileType = sourcecode.swift; path = GoogleBooksAPI.swift; sourceTree = "<group>"; };
		2834897D235A448E00839519 /* NetworkHelper.swift */ = {isa = PBXFileReference; fileEncoding = 4; lastKnownFileType = sourcecode.swift; path = NetworkHelper.swift; sourceTree = "<group>"; };
		2834897E235A448E00839519 /* AppError.swift */ = {isa = PBXFileReference; fileEncoding = 4; lastKnownFileType = sourcecode.swift; path = AppError.swift; sourceTree = "<group>"; };
		2834897F235A448E00839519 /* ImageHelper.swift */ = {isa = PBXFileReference; fileEncoding = 4; lastKnownFileType = sourcecode.swift; path = ImageHelper.swift; sourceTree = "<group>"; };
		28348986235A455700839519 /* BookPersistenceManager.swift */ = {isa = PBXFileReference; fileEncoding = 4; lastKnownFileType = sourcecode.swift; path = BookPersistenceManager.swift; sourceTree = "<group>"; };
		28348987235A455700839519 /* PersistenceHelper.swift */ = {isa = PBXFileReference; fileEncoding = 4; lastKnownFileType = sourcecode.swift; path = PersistenceHelper.swift; sourceTree = "<group>"; };
		2834898D235A45C400839519 /* UserDefaults.swift */ = {isa = PBXFileReference; lastKnownFileType = sourcecode.swift; path = UserDefaults.swift; sourceTree = "<group>"; };
		28348990235A45EB00839519 /* NYTimes.swift */ = {isa = PBXFileReference; lastKnownFileType = sourcecode.swift; path = NYTimes.swift; sourceTree = "<group>"; };
		28348992235A45FE00839519 /* GoogleBooks.swift */ = {isa = PBXFileReference; lastKnownFileType = sourcecode.swift; path = GoogleBooks.swift; sourceTree = "<group>"; };
		28348994235A460E00839519 /* Favorites.swift */ = {isa = PBXFileReference; lastKnownFileType = sourcecode.swift; path = Favorites.swift; sourceTree = "<group>"; };
		28348997235A464600839519 /* DetailViewController.swift */ = {isa = PBXFileReference; lastKnownFileType = sourcecode.swift; path = DetailViewController.swift; sourceTree = "<group>"; };
		28348999235A46C200839519 /* BestSellerCollectionViewCell.swift */ = {isa = PBXFileReference; lastKnownFileType = sourcecode.swift; path = BestSellerCollectionViewCell.swift; sourceTree = "<group>"; };
		2834AD6F235E35FF00CE9F00 /* Secrets.swift */ = {isa = PBXFileReference; lastKnownFileType = sourcecode.swift; path = Secrets.swift; sourceTree = "<group>"; };
		691FE747235AB51B0096DA7A /* GenreListAPI.swift */ = {isa = PBXFileReference; lastKnownFileType = sourcecode.swift; path = GenreListAPI.swift; sourceTree = "<group>"; };
		691FE74B235AB7ED0096DA7A /* genreList.json */ = {isa = PBXFileReference; lastKnownFileType = text.json; path = genreList.json; sourceTree = "<group>"; };
		691FE74D235B5A480096DA7A /* cellFormating.swift */ = {isa = PBXFileReference; fileEncoding = 4; lastKnownFileType = sourcecode.swift; path = cellFormating.swift; sourceTree = "<group>"; };
		69374723235B7C54001CBC3D /* FavoritesCollectionViewCell.swift */ = {isa = PBXFileReference; lastKnownFileType = sourcecode.swift; path = FavoritesCollectionViewCell.swift; sourceTree = "<group>"; };
		69374725235BB725001CBC3D /* RegisterCollectionViewCells.swift */ = {isa = PBXFileReference; lastKnownFileType = sourcecode.swift; path = RegisterCollectionViewCells.swift; sourceTree = "<group>"; };
		69374729235BD056001CBC3D /* CategoryPersistenceHelper.swift */ = {isa = PBXFileReference; lastKnownFileType = sourcecode.swift; path = CategoryPersistenceHelper.swift; sourceTree = "<group>"; };
		69FB93D8235A6474000B7786 /* NYTtest.json */ = {isa = PBXFileReference; lastKnownFileType = text.json; path = NYTtest.json; sourceTree = "<group>"; };
		69FB93DA235A6695000B7786 /* googleBooks.json */ = {isa = PBXFileReference; lastKnownFileType = text.json; path = googleBooks.json; sourceTree = "<group>"; };
		DF7B2F54235A4EAC0092B3DE /* NYTCategories.swift */ = {isa = PBXFileReference; lastKnownFileType = sourcecode.swift; path = NYTCategories.swift; sourceTree = "<group>"; };
/* End PBXFileReference section */

/* Begin PBXFrameworksBuildPhase section */
		0B2D9BD8235A3BB00093C8B1 /* Frameworks */ = {
			isa = PBXFrameworksBuildPhase;
			buildActionMask = 2147483647;
			files = (
			);
			runOnlyForDeploymentPostprocessing = 0;
		};
		0B2D9BEE235A3BB20093C8B1 /* Frameworks */ = {
			isa = PBXFrameworksBuildPhase;
			buildActionMask = 2147483647;
			files = (
			);
			runOnlyForDeploymentPostprocessing = 0;
		};
/* End PBXFrameworksBuildPhase section */

/* Begin PBXGroup section */
		0B2D9BD2235A3BB00093C8B1 = {
			isa = PBXGroup;
			children = (
				0B2D9BDD235A3BB00093C8B1 /* NewYorkTimes */,
				0B2D9BF4235A3BB20093C8B1 /* NewYorkTimesTests */,
				0B2D9BDC235A3BB00093C8B1 /* Products */,
				69A15569235E336200021DC2 /* Secrets */,
			);
			sourceTree = "<group>";
		};
		0B2D9BDC235A3BB00093C8B1 /* Products */ = {
			isa = PBXGroup;
			children = (
				0B2D9BDB235A3BB00093C8B1 /* NewYorkTimes.app */,
				0B2D9BF1235A3BB20093C8B1 /* NewYorkTimesTests.xctest */,
			);
			name = Products;
			sourceTree = "<group>";
		};
		0B2D9BDD235A3BB00093C8B1 /* NewYorkTimes */ = {
			isa = PBXGroup;
			children = (
				0B2D9BDE235A3BB00093C8B1 /* AppDelegate.swift */,
				0B2D9BE0235A3BB00093C8B1 /* SceneDelegate.swift */,
				2834899B235A46CA00839519 /* Views */,
				28348996235A461C00839519 /* Models */,
				28348975235A43E700839519 /* Controller */,
				2834897A235A448E00839519 /* Networking */,
				2834898F235A45CD00839519 /* UserDefaults */,
				28348985235A455700839519 /* Persistence */,
				0B2D9BE7235A3BB20093C8B1 /* Assets.xcassets */,
				0B2D9BE9235A3BB20093C8B1 /* LaunchScreen.storyboard */,
				0B2D9BEC235A3BB20093C8B1 /* Info.plist */,
			);
			path = NewYorkTimes;
			sourceTree = "<group>";
		};
		0B2D9BF4235A3BB20093C8B1 /* NewYorkTimesTests */ = {
			isa = PBXGroup;
			children = (
				0B2D9BF5235A3BB20093C8B1 /* NewYorkTimesTests.swift */,
				0B2D9BF7235A3BB20093C8B1 /* Info.plist */,
				69FB93D8235A6474000B7786 /* NYTtest.json */,
				69FB93DA235A6695000B7786 /* googleBooks.json */,
				691FE74B235AB7ED0096DA7A /* genreList.json */,
			);
			path = NewYorkTimesTests;
			sourceTree = "<group>";
		};
		28348975235A43E700839519 /* Controller */ = {
			isa = PBXGroup;
			children = (
				0B2D9BE2235A3BB00093C8B1 /* BestSellerViewController.swift */,
				28348997235A464600839519 /* DetailViewController.swift */,
				28348971235A422A00839519 /* FavoritesViewController.swift */,
				28348973235A423A00839519 /* SettingsViewController.swift */,
			);
			path = Controller;
			sourceTree = "<group>";
		};
		2834897A235A448E00839519 /* Networking */ = {
			isa = PBXGroup;
			children = (
				2834897B235A448E00839519 /* NYTAPIClient.swift */,
				2834897C235A448E00839519 /* GoogleBooksAPI.swift */,
				2834897D235A448E00839519 /* NetworkHelper.swift */,
				2834897E235A448E00839519 /* AppError.swift */,
				2834897F235A448E00839519 /* ImageHelper.swift */,
				691FE747235AB51B0096DA7A /* GenreListAPI.swift */,
			);
			path = Networking;
			sourceTree = "<group>";
		};
		28348985235A455700839519 /* Persistence */ = {
			isa = PBXGroup;
			children = (
				28348986235A455700839519 /* BookPersistenceManager.swift */,
				28348987235A455700839519 /* PersistenceHelper.swift */,
				69374729235BD056001CBC3D /* CategoryPersistenceHelper.swift */,
			);
			path = Persistence;
			sourceTree = "<group>";
		};
		2834898F235A45CD00839519 /* UserDefaults */ = {
			isa = PBXGroup;
			children = (
				2834898D235A45C400839519 /* UserDefaults.swift */,
			);
			path = UserDefaults;
			sourceTree = "<group>";
		};
		28348996235A461C00839519 /* Models */ = {
			isa = PBXGroup;
			children = (
				28348990235A45EB00839519 /* NYTimes.swift */,
				691FE74D235B5A480096DA7A /* cellFormating.swift */,
				28348992235A45FE00839519 /* GoogleBooks.swift */,
				28348994235A460E00839519 /* Favorites.swift */,
				DF7B2F54235A4EAC0092B3DE /* NYTCategories.swift */,
				69374725235BB725001CBC3D /* RegisterCollectionViewCells.swift */,
			);
			path = Models;
			sourceTree = "<group>";
		};
		2834899B235A46CA00839519 /* Views */ = {
			isa = PBXGroup;
			children = (
				28348999235A46C200839519 /* BestSellerCollectionViewCell.swift */,
				69374723235B7C54001CBC3D /* FavoritesCollectionViewCell.swift */,
			);
			path = Views;
			sourceTree = "<group>";
		};
		69A15569235E336200021DC2 /* Secrets */ = {
			isa = PBXGroup;
			children = (
				2834AD6F235E35FF00CE9F00 /* Secrets.swift */,
			);
			name = Secrets;
			sourceTree = "<group>";
		};
/* End PBXGroup section */

/* Begin PBXNativeTarget section */
		0B2D9BDA235A3BB00093C8B1 /* NewYorkTimes */ = {
			isa = PBXNativeTarget;
			buildConfigurationList = 0B2D9BFA235A3BB20093C8B1 /* Build configuration list for PBXNativeTarget "NewYorkTimes" */;
			buildPhases = (
				0B2D9BD7235A3BB00093C8B1 /* Sources */,
				0B2D9BD8235A3BB00093C8B1 /* Frameworks */,
				0B2D9BD9235A3BB00093C8B1 /* Resources */,
			);
			buildRules = (
			);
			dependencies = (
			);
			name = NewYorkTimes;
			productName = NewYorkTimes;
			productReference = 0B2D9BDB235A3BB00093C8B1 /* NewYorkTimes.app */;
			productType = "com.apple.product-type.application";
		};
		0B2D9BF0235A3BB20093C8B1 /* NewYorkTimesTests */ = {
			isa = PBXNativeTarget;
			buildConfigurationList = 0B2D9BFD235A3BB20093C8B1 /* Build configuration list for PBXNativeTarget "NewYorkTimesTests" */;
			buildPhases = (
				0B2D9BED235A3BB20093C8B1 /* Sources */,
				0B2D9BEE235A3BB20093C8B1 /* Frameworks */,
				0B2D9BEF235A3BB20093C8B1 /* Resources */,
			);
			buildRules = (
			);
			dependencies = (
				0B2D9BF3235A3BB20093C8B1 /* PBXTargetDependency */,
			);
			name = NewYorkTimesTests;
			productName = NewYorkTimesTests;
			productReference = 0B2D9BF1235A3BB20093C8B1 /* NewYorkTimesTests.xctest */;
			productType = "com.apple.product-type.bundle.unit-test";
		};
/* End PBXNativeTarget section */

/* Begin PBXProject section */
		0B2D9BD3235A3BB00093C8B1 /* Project object */ = {
			isa = PBXProject;
			attributes = {
				LastSwiftUpdateCheck = 1100;
				LastUpgradeCheck = 1100;
				ORGANIZATIONNAME = "Krystal Campbell";
				TargetAttributes = {
					0B2D9BDA235A3BB00093C8B1 = {
						CreatedOnToolsVersion = 11.0;
					};
					0B2D9BF0235A3BB20093C8B1 = {
						CreatedOnToolsVersion = 11.0;
						TestTargetID = 0B2D9BDA235A3BB00093C8B1;
					};
				};
			};
			buildConfigurationList = 0B2D9BD6235A3BB00093C8B1 /* Build configuration list for PBXProject "NewYorkTimes" */;
			compatibilityVersion = "Xcode 9.3";
			developmentRegion = en;
			hasScannedForEncodings = 0;
			knownRegions = (
				en,
				Base,
			);
			mainGroup = 0B2D9BD2235A3BB00093C8B1;
			productRefGroup = 0B2D9BDC235A3BB00093C8B1 /* Products */;
			projectDirPath = "";
			projectRoot = "";
			targets = (
				0B2D9BDA235A3BB00093C8B1 /* NewYorkTimes */,
				0B2D9BF0235A3BB20093C8B1 /* NewYorkTimesTests */,
			);
		};
/* End PBXProject section */

/* Begin PBXResourcesBuildPhase section */
		0B2D9BD9235A3BB00093C8B1 /* Resources */ = {
			isa = PBXResourcesBuildPhase;
			buildActionMask = 2147483647;
			files = (
				0B2D9BEB235A3BB20093C8B1 /* LaunchScreen.storyboard in Resources */,
				0B2D9BE8235A3BB20093C8B1 /* Assets.xcassets in Resources */,
			);
			runOnlyForDeploymentPostprocessing = 0;
		};
		0B2D9BEF235A3BB20093C8B1 /* Resources */ = {
			isa = PBXResourcesBuildPhase;
			buildActionMask = 2147483647;
			files = (
				69FB93D9235A6474000B7786 /* NYTtest.json in Resources */,
				691FE74C235AB7ED0096DA7A /* genreList.json in Resources */,
				69FB93DB235A6695000B7786 /* googleBooks.json in Resources */,
			);
			runOnlyForDeploymentPostprocessing = 0;
		};
/* End PBXResourcesBuildPhase section */

/* Begin PBXSourcesBuildPhase section */
		0B2D9BD7235A3BB00093C8B1 /* Sources */ = {
			isa = PBXSourcesBuildPhase;
			buildActionMask = 2147483647;
			files = (
				28348982235A448E00839519 /* NetworkHelper.swift in Sources */,
				28348988235A455700839519 /* BookPersistenceManager.swift in Sources */,
				69374724235B7C54001CBC3D /* FavoritesCollectionViewCell.swift in Sources */,
				28348991235A45EB00839519 /* NYTimes.swift in Sources */,
				28348984235A448E00839519 /* ImageHelper.swift in Sources */,
				0B2D9BE3235A3BB00093C8B1 /* BestSellerViewController.swift in Sources */,
				28348983235A448E00839519 /* AppError.swift in Sources */,
				0B2D9BDF235A3BB00093C8B1 /* AppDelegate.swift in Sources */,
				28348993235A45FE00839519 /* GoogleBooks.swift in Sources */,
				69374726235BB725001CBC3D /* RegisterCollectionViewCells.swift in Sources */,
				28348972235A422A00839519 /* FavoritesViewController.swift in Sources */,
				28348998235A464600839519 /* DetailViewController.swift in Sources */,
				28348989235A455700839519 /* PersistenceHelper.swift in Sources */,
				691FE748235AB51B0096DA7A /* GenreListAPI.swift in Sources */,
				DF7B2F55235A4EAC0092B3DE /* NYTCategories.swift in Sources */,
				28348974235A423A00839519 /* SettingsViewController.swift in Sources */,
				2834AD70235E35FF00CE9F00 /* Secrets.swift in Sources */,
				0B2D9BE1235A3BB00093C8B1 /* SceneDelegate.swift in Sources */,
				28348980235A448E00839519 /* NYTAPIClient.swift in Sources */,
				28348995235A460E00839519 /* Favorites.swift in Sources */,
				2834899A235A46C200839519 /* BestSellerCollectionViewCell.swift in Sources */,
				2834898E235A45C400839519 /* UserDefaults.swift in Sources */,
				691FE74E235B5A480096DA7A /* cellFormating.swift in Sources */,
				28348981235A448E00839519 /* GoogleBooksAPI.swift in Sources */,
				6937472A235BD056001CBC3D /* CategoryPersistenceHelper.swift in Sources */,
			);
			runOnlyForDeploymentPostprocessing = 0;
		};
		0B2D9BED235A3BB20093C8B1 /* Sources */ = {
			isa = PBXSourcesBuildPhase;
			buildActionMask = 2147483647;
			files = (
				0B2D9BF6235A3BB20093C8B1 /* NewYorkTimesTests.swift in Sources */,
			);
			runOnlyForDeploymentPostprocessing = 0;
		};
/* End PBXSourcesBuildPhase section */

/* Begin PBXTargetDependency section */
		0B2D9BF3235A3BB20093C8B1 /* PBXTargetDependency */ = {
			isa = PBXTargetDependency;
			target = 0B2D9BDA235A3BB00093C8B1 /* NewYorkTimes */;
			targetProxy = 0B2D9BF2235A3BB20093C8B1 /* PBXContainerItemProxy */;
		};
/* End PBXTargetDependency section */

/* Begin PBXVariantGroup section */
		0B2D9BE9235A3BB20093C8B1 /* LaunchScreen.storyboard */ = {
			isa = PBXVariantGroup;
			children = (
				0B2D9BEA235A3BB20093C8B1 /* Base */,
			);
			name = LaunchScreen.storyboard;
			sourceTree = "<group>";
		};
/* End PBXVariantGroup section */

/* Begin XCBuildConfiguration section */
		0B2D9BF8235A3BB20093C8B1 /* Debug */ = {
			isa = XCBuildConfiguration;
			buildSettings = {
				ALWAYS_SEARCH_USER_PATHS = NO;
				CLANG_ANALYZER_NONNULL = YES;
				CLANG_ANALYZER_NUMBER_OBJECT_CONVERSION = YES_AGGRESSIVE;
				CLANG_CXX_LANGUAGE_STANDARD = "gnu++14";
				CLANG_CXX_LIBRARY = "libc++";
				CLANG_ENABLE_MODULES = YES;
				CLANG_ENABLE_OBJC_ARC = YES;
				CLANG_ENABLE_OBJC_WEAK = YES;
				CLANG_WARN_BLOCK_CAPTURE_AUTORELEASING = YES;
				CLANG_WARN_BOOL_CONVERSION = YES;
				CLANG_WARN_COMMA = YES;
				CLANG_WARN_CONSTANT_CONVERSION = YES;
				CLANG_WARN_DEPRECATED_OBJC_IMPLEMENTATIONS = YES;
				CLANG_WARN_DIRECT_OBJC_ISA_USAGE = YES_ERROR;
				CLANG_WARN_DOCUMENTATION_COMMENTS = YES;
				CLANG_WARN_EMPTY_BODY = YES;
				CLANG_WARN_ENUM_CONVERSION = YES;
				CLANG_WARN_INFINITE_RECURSION = YES;
				CLANG_WARN_INT_CONVERSION = YES;
				CLANG_WARN_NON_LITERAL_NULL_CONVERSION = YES;
				CLANG_WARN_OBJC_IMPLICIT_RETAIN_SELF = YES;
				CLANG_WARN_OBJC_LITERAL_CONVERSION = YES;
				CLANG_WARN_OBJC_ROOT_CLASS = YES_ERROR;
				CLANG_WARN_RANGE_LOOP_ANALYSIS = YES;
				CLANG_WARN_STRICT_PROTOTYPES = YES;
				CLANG_WARN_SUSPICIOUS_MOVE = YES;
				CLANG_WARN_UNGUARDED_AVAILABILITY = YES_AGGRESSIVE;
				CLANG_WARN_UNREACHABLE_CODE = YES;
				CLANG_WARN__DUPLICATE_METHOD_MATCH = YES;
				COPY_PHASE_STRIP = NO;
				DEBUG_INFORMATION_FORMAT = dwarf;
				ENABLE_STRICT_OBJC_MSGSEND = YES;
				ENABLE_TESTABILITY = YES;
				GCC_C_LANGUAGE_STANDARD = gnu11;
				GCC_DYNAMIC_NO_PIC = NO;
				GCC_NO_COMMON_BLOCKS = YES;
				GCC_OPTIMIZATION_LEVEL = 0;
				GCC_PREPROCESSOR_DEFINITIONS = (
					"DEBUG=1",
					"$(inherited)",
				);
				GCC_WARN_64_TO_32_BIT_CONVERSION = YES;
				GCC_WARN_ABOUT_RETURN_TYPE = YES_ERROR;
				GCC_WARN_UNDECLARED_SELECTOR = YES;
				GCC_WARN_UNINITIALIZED_AUTOS = YES_AGGRESSIVE;
				GCC_WARN_UNUSED_FUNCTION = YES;
				GCC_WARN_UNUSED_VARIABLE = YES;
				IPHONEOS_DEPLOYMENT_TARGET = 13.0;
				MTL_ENABLE_DEBUG_INFO = INCLUDE_SOURCE;
				MTL_FAST_MATH = YES;
				ONLY_ACTIVE_ARCH = YES;
				SDKROOT = iphoneos;
				SWIFT_ACTIVE_COMPILATION_CONDITIONS = DEBUG;
				SWIFT_OPTIMIZATION_LEVEL = "-Onone";
			};
			name = Debug;
		};
		0B2D9BF9235A3BB20093C8B1 /* Release */ = {
			isa = XCBuildConfiguration;
			buildSettings = {
				ALWAYS_SEARCH_USER_PATHS = NO;
				CLANG_ANALYZER_NONNULL = YES;
				CLANG_ANALYZER_NUMBER_OBJECT_CONVERSION = YES_AGGRESSIVE;
				CLANG_CXX_LANGUAGE_STANDARD = "gnu++14";
				CLANG_CXX_LIBRARY = "libc++";
				CLANG_ENABLE_MODULES = YES;
				CLANG_ENABLE_OBJC_ARC = YES;
				CLANG_ENABLE_OBJC_WEAK = YES;
				CLANG_WARN_BLOCK_CAPTURE_AUTORELEASING = YES;
				CLANG_WARN_BOOL_CONVERSION = YES;
				CLANG_WARN_COMMA = YES;
				CLANG_WARN_CONSTANT_CONVERSION = YES;
				CLANG_WARN_DEPRECATED_OBJC_IMPLEMENTATIONS = YES;
				CLANG_WARN_DIRECT_OBJC_ISA_USAGE = YES_ERROR;
				CLANG_WARN_DOCUMENTATION_COMMENTS = YES;
				CLANG_WARN_EMPTY_BODY = YES;
				CLANG_WARN_ENUM_CONVERSION = YES;
				CLANG_WARN_INFINITE_RECURSION = YES;
				CLANG_WARN_INT_CONVERSION = YES;
				CLANG_WARN_NON_LITERAL_NULL_CONVERSION = YES;
				CLANG_WARN_OBJC_IMPLICIT_RETAIN_SELF = YES;
				CLANG_WARN_OBJC_LITERAL_CONVERSION = YES;
				CLANG_WARN_OBJC_ROOT_CLASS = YES_ERROR;
				CLANG_WARN_RANGE_LOOP_ANALYSIS = YES;
				CLANG_WARN_STRICT_PROTOTYPES = YES;
				CLANG_WARN_SUSPICIOUS_MOVE = YES;
				CLANG_WARN_UNGUARDED_AVAILABILITY = YES_AGGRESSIVE;
				CLANG_WARN_UNREACHABLE_CODE = YES;
				CLANG_WARN__DUPLICATE_METHOD_MATCH = YES;
				COPY_PHASE_STRIP = NO;
				DEBUG_INFORMATION_FORMAT = "dwarf-with-dsym";
				ENABLE_NS_ASSERTIONS = NO;
				ENABLE_STRICT_OBJC_MSGSEND = YES;
				GCC_C_LANGUAGE_STANDARD = gnu11;
				GCC_NO_COMMON_BLOCKS = YES;
				GCC_WARN_64_TO_32_BIT_CONVERSION = YES;
				GCC_WARN_ABOUT_RETURN_TYPE = YES_ERROR;
				GCC_WARN_UNDECLARED_SELECTOR = YES;
				GCC_WARN_UNINITIALIZED_AUTOS = YES_AGGRESSIVE;
				GCC_WARN_UNUSED_FUNCTION = YES;
				GCC_WARN_UNUSED_VARIABLE = YES;
				IPHONEOS_DEPLOYMENT_TARGET = 13.0;
				MTL_ENABLE_DEBUG_INFO = NO;
				MTL_FAST_MATH = YES;
				SDKROOT = iphoneos;
				SWIFT_COMPILATION_MODE = wholemodule;
				SWIFT_OPTIMIZATION_LEVEL = "-O";
				VALIDATE_PRODUCT = YES;
			};
			name = Release;
		};
		0B2D9BFB235A3BB20093C8B1 /* Debug */ = {
			isa = XCBuildConfiguration;
			buildSettings = {
				ASSETCATALOG_COMPILER_APPICON_NAME = AppIcon;
				CODE_SIGN_STYLE = Automatic;
				INFOPLIST_FILE = NewYorkTimes/Info.plist;
				LD_RUNPATH_SEARCH_PATHS = (
					"$(inherited)",
					"@executable_path/Frameworks",
				);
				PRODUCT_BUNDLE_IDENTIFIER = krystal.NewYorkTimes;
				PRODUCT_NAME = "$(TARGET_NAME)";
				SWIFT_VERSION = 5.0;
				TARGETED_DEVICE_FAMILY = "1,2";
			};
			name = Debug;
		};
		0B2D9BFC235A3BB20093C8B1 /* Release */ = {
			isa = XCBuildConfiguration;
			buildSettings = {
				ASSETCATALOG_COMPILER_APPICON_NAME = AppIcon;
				CODE_SIGN_STYLE = Automatic;
				INFOPLIST_FILE = NewYorkTimes/Info.plist;
				LD_RUNPATH_SEARCH_PATHS = (
					"$(inherited)",
					"@executable_path/Frameworks",
				);
				PRODUCT_BUNDLE_IDENTIFIER = krystal.NewYorkTimes;
				PRODUCT_NAME = "$(TARGET_NAME)";
				SWIFT_VERSION = 5.0;
				TARGETED_DEVICE_FAMILY = "1,2";
			};
			name = Release;
		};
		0B2D9BFE235A3BB20093C8B1 /* Debug */ = {
			isa = XCBuildConfiguration;
			buildSettings = {
				ALWAYS_EMBED_SWIFT_STANDARD_LIBRARIES = YES;
				BUNDLE_LOADER = "$(TEST_HOST)";
				CODE_SIGN_STYLE = Automatic;
				INFOPLIST_FILE = NewYorkTimesTests/Info.plist;
				IPHONEOS_DEPLOYMENT_TARGET = 13.0;
				LD_RUNPATH_SEARCH_PATHS = (
					"$(inherited)",
					"@executable_path/Frameworks",
					"@loader_path/Frameworks",
				);
				PRODUCT_BUNDLE_IDENTIFIER = krystal.NewYorkTimesTests;
				PRODUCT_NAME = "$(TARGET_NAME)";
				SWIFT_VERSION = 5.0;
				TARGETED_DEVICE_FAMILY = "1,2";
				TEST_HOST = "$(BUILT_PRODUCTS_DIR)/NewYorkTimes.app/NewYorkTimes";
			};
			name = Debug;
		};
		0B2D9BFF235A3BB20093C8B1 /* Release */ = {
			isa = XCBuildConfiguration;
			buildSettings = {
				ALWAYS_EMBED_SWIFT_STANDARD_LIBRARIES = YES;
				BUNDLE_LOADER = "$(TEST_HOST)";
				CODE_SIGN_STYLE = Automatic;
				INFOPLIST_FILE = NewYorkTimesTests/Info.plist;
				IPHONEOS_DEPLOYMENT_TARGET = 13.0;
				LD_RUNPATH_SEARCH_PATHS = (
					"$(inherited)",
					"@executable_path/Frameworks",
					"@loader_path/Frameworks",
				);
				PRODUCT_BUNDLE_IDENTIFIER = krystal.NewYorkTimesTests;
				PRODUCT_NAME = "$(TARGET_NAME)";
				SWIFT_VERSION = 5.0;
				TARGETED_DEVICE_FAMILY = "1,2";
				TEST_HOST = "$(BUILT_PRODUCTS_DIR)/NewYorkTimes.app/NewYorkTimes";
			};
			name = Release;
		};
/* End XCBuildConfiguration section */

/* Begin XCConfigurationList section */
		0B2D9BD6235A3BB00093C8B1 /* Build configuration list for PBXProject "NewYorkTimes" */ = {
			isa = XCConfigurationList;
			buildConfigurations = (
				0B2D9BF8235A3BB20093C8B1 /* Debug */,
				0B2D9BF9235A3BB20093C8B1 /* Release */,
			);
			defaultConfigurationIsVisible = 0;
			defaultConfigurationName = Release;
		};
		0B2D9BFA235A3BB20093C8B1 /* Build configuration list for PBXNativeTarget "NewYorkTimes" */ = {
			isa = XCConfigurationList;
			buildConfigurations = (
				0B2D9BFB235A3BB20093C8B1 /* Debug */,
				0B2D9BFC235A3BB20093C8B1 /* Release */,
			);
			defaultConfigurationIsVisible = 0;
			defaultConfigurationName = Release;
		};
		0B2D9BFD235A3BB20093C8B1 /* Build configuration list for PBXNativeTarget "NewYorkTimesTests" */ = {
			isa = XCConfigurationList;
			buildConfigurations = (
				0B2D9BFE235A3BB20093C8B1 /* Debug */,
				0B2D9BFF235A3BB20093C8B1 /* Release */,
			);
			defaultConfigurationIsVisible = 0;
			defaultConfigurationName = Release;
		};
/* End XCConfigurationList section */
	};
	rootObject = 0B2D9BD3235A3BB00093C8B1 /* Project object */;
}
